<?xml version="1.0" encoding="utf-8"?>
<Project ToolsVersion="4.0" xmlns="http://schemas.microsoft.com/developer/msbuild/2003">
  <ItemGroup>
    <Filter Include="Fichiers sources">
      <UniqueIdentifier>{4FC737F1-C7A5-4376-A066-2A32D752A2FF}</UniqueIdentifier>
      <Extensions>cpp;c;cc;cxx;def;odl;idl;hpj;bat;asm;asmx</Extensions>
    </Filter>
    <Filter Include="Fichiers d%27en-tête">
      <UniqueIdentifier>{93995380-89BD-4b04-88EB-625FBE52EBFB}</UniqueIdentifier>
      <Extensions>h;hh;hpp;hxx;hm;inl;inc;ipp;xsd</Extensions>
    </Filter>
    <Filter Include="Fichiers de ressources">
      <UniqueIdentifier>{67DA6AB6-F800-4c08-8B7A-83BB121AAD01}</UniqueIdentifier>
      <Extensions>rc;ico;cur;bmp;dlg;rc2;rct;bin;rgs;gif;jpg;jpeg;jpe;resx;tiff;tif;png;wav;mfcribbon-ms</Extensions>
    </Filter>
  </ItemGroup>
  <ItemGroup>
    <ClInclude Include="..\COR\Chargeur.h">
      <Filter>Fichiers sources</Filter>
    </ClInclude>
    <ClInclude Include="..\COR\COR_ReadCercle.h">
      <Filter>Fichiers sources</Filter>
    </ClInclude>
    <ClInclude Include="..\COR\COR_ReadCompose.h">
      <Filter>Fichiers sources</Filter>
    </ClInclude>
    <ClInclude Include="..\COR\COR_ReadPolygone.h">
      <Filter>Fichiers sources</Filter>
    </ClInclude>
    <ClInclude Include="..\COR\COR_Reads.h">
      <Filter>Fichiers sources</Filter>
    </ClInclude>
    <ClInclude Include="..\COR\COR_ReadSegment.h">
      <Filter>Fichiers sources</Filter>
    </ClInclude>
    <ClInclude Include="..\COR\ReadForme.h">
      <Filter>Fichiers sources</Filter>
    </ClInclude>
    <ClInclude Include="..\Forme\Cercle.h">
      <Filter>Fichiers sources</Filter>
    </ClInclude>
    <ClInclude Include="..\Forme\Compose.h">
      <Filter>Fichiers sources</Filter>
    </ClInclude>
    <ClInclude Include="..\Forme\Erreur.h">
      <Filter>Fichiers sources</Filter>
    </ClInclude>
    <ClInclude Include="..\Forme\Forme.h">
      <Filter>Fichiers sources</Filter>
    </ClInclude>
    <ClInclude Include="..\Forme\Polygone.h">
      <Filter>Fichiers sources</Filter>
    </ClInclude>
    <ClInclude Include="..\Forme\Segment.h">
      <Filter>Fichiers sources</Filter>
    </ClInclude>
    <ClInclude Include="..\Forme\Vecteur2D.h">
      <Filter>Fichiers sources</Filter>
    </ClInclude>
    <ClInclude Include="..\Visiteur\Client_Dessin.h">
      <Filter>Fichiers sources</Filter>
    </ClInclude>
    <ClInclude Include="..\Visiteur\Singleton.h">
      <Filter>Fichiers sources</Filter>
    </ClInclude>
    <ClInclude Include="..\Visiteur\Visiteur.h">
      <Filter>Fichiers sources</Filter>
    </ClInclude>
    <ClInclude Include="..\Visiteur\VisiteurDessine.h">
      <Filter>Fichiers sources</Filter>
    </ClInclude>
    <ClInclude Include="..\Visiteur\VisiteurHomotethie.h">
      <Filter>Fichiers sources</Filter>
    </ClInclude>
    <ClInclude Include="..\Visiteur\VisiteurRotation.h">
      <Filter>Fichiers sources</Filter>
    </ClInclude>
    <ClInclude Include="..\Visiteur\VisiteurSauvegarder.h">
      <Filter>Fichiers sources</Filter>
    </ClInclude>
    <ClInclude Include="..\Visiteur\VisiteurString.h">
      <Filter>Fichiers sources</Filter>
    </ClInclude>
    <ClInclude Include="..\Visiteur\VisiteurTrans.h">
      <Filter>Fichiers sources</Filter>
    </ClInclude>
  </ItemGroup>
  <ItemGroup>
    <ClCompile Include="..\Forme\Cercle.cpp">
      <Filter>Fichiers sources</Filter>
    </ClCompile>
    <ClCompile Include="..\Forme\Compose.cpp">
      <Filter>Fichiers sources</Filter>
    </ClCompile>
    <ClCompile Include="..\Forme\Erreur.cpp">
      <Filter>Fichiers sources</Filter>
    </ClCompile>
    <ClCompile Include="..\Forme\Forme.cpp">
      <Filter>Fichiers sources</Filter>
    </ClCompile>
    <ClCompile Include="..\Forme\Polygone.cpp">
      <Filter>Fichiers sources</Filter>
    </ClCompile>
    <ClCompile Include="..\Forme\Segment.cpp">
      <Filter>Fichiers sources</Filter>
    </ClCompile>
    <ClCompile Include="..\Visiteur\Client_Dessin.cpp">
      <Filter>Fichiers sources</Filter>
    </ClCompile>
    <ClCompile Include="..\Visiteur\Singleton.cpp">
      <Filter>Fichiers sources</Filter>
    </ClCompile>
    <ClCompile Include="..\Visiteur\VisiteurDessine.cpp">
      <Filter>Fichiers sources</Filter>
    </ClCompile>
    <ClCompile Include="..\Visiteur\VisiteurHomotethie.cpp">
      <Filter>Fichiers sources</Filter>
    </ClCompile>
    <ClCompile Include="..\Visiteur\VisiteurRotation.cpp">
      <Filter>Fichiers sources</Filter>
    </ClCompile>
    <ClCompile Include="..\Visiteur\VisiteurSauvegarder.cpp">
      <Filter>Fichiers sources</Filter>
    </ClCompile>
    <ClCompile Include="..\Visiteur\VisiteurString.cpp">
      <Filter>Fichiers sources</Filter>
    </ClCompile>
    <ClCompile Include="..\Visiteur\VisiteurTrans.cpp">
      <Filter>Fichiers sources</Filter>
    </ClCompile>
    <ClCompile Include="..\test.cpp">
      <Filter>Fichiers sources</Filter>
    </ClCompile>
  </ItemGroup>
</Project>